
Microsoft Visual Studio Solution File, Format Version 12.00
# Visual Studio 14
VisualStudioVersion = 14.0.24713.0
MinimumVisualStudioVersion = 10.0.40219.1
Project("{2150E333-8FDC-42A3-9474-1A3956D46DE8}") = "Solution Items", "Solution Items", "{3E299B94-5F07-49DE-8226-55EDC56F13E3}"
	ProjectSection(SolutionItems) = preProject
		Portable.Ninject.nuspec = Portable.Ninject.nuspec
	EndProjectSection
EndProject
Project("{FAE04EC0-301F-11D3-BF4B-00C04F79EFBC}") = "Ninject", "src\Ninject\Ninject.csproj", "{ADF369E2-6B9E-4D56-9B82-D273AE41EC2D}"
EndProject
Project("{FAE04EC0-301F-11D3-BF4B-00C04F79EFBC}") = "CommonServiceLocator.NinjectAdapter", "src\CommonServiceLocator.NinjectAdapter\CommonServiceLocator.NinjectAdapter.csproj", "{9BD94717-484B-4EB1-AF32-8D4244F02E8E}"
EndProject
Project("{FAE04EC0-301F-11D3-BF4B-00C04F79EFBC}") = "Ninject.Tests", "src\Ninject.Test\Ninject.Tests.csproj", "{7E7DE343-8DBD-42EE-94ED-036E9E0F5411}"
EndProject
Project("{FAE04EC0-301F-11D3-BF4B-00C04F79EFBC}") = "TestModules", "src\TestModules\TestModules.csproj", "{90F46524-0716-4180-8A5F-1CD1EB5686F6}"
EndProject
Project("{FAE04EC0-301F-11D3-BF4B-00C04F79EFBC}") = "TestAssembly", "src\TestAssembly\TestAssembly.csproj", "{C9F6CFE7-44B2-4D55-9307-33C34C045468}"
EndProject
Project("{FAE04EC0-301F-11D3-BF4B-00C04F79EFBC}") = "Ninject.WinRT", "src\Ninject\Ninject.WinRT.csproj", "{0EA44209-1324-4BEE-A8D2-46163D26B504}"
EndProject
Project("{FAE04EC0-301F-11D3-BF4B-00C04F79EFBC}") = "Ninject.Tests.WinRT", "src\Ninject.Test\Ninject.Tests.WinRT.csproj", "{AA75BE5B-8603-489D-8F9F-6ACD02598FD3}"
EndProject
Project("{FAE04EC0-301F-11D3-BF4B-00C04F79EFBC}") = "TestAssembly.WinRT", "src\TestAssembly\TestAssembly.WinRT.csproj", "{E02E7007-D499-45FC-A48D-1C195DB58021}"
EndProject
Project("{FAE04EC0-301F-11D3-BF4B-00C04F79EFBC}") = "TestModules.WinRT", "src\TestModules\TestModules.WinRT.csproj", "{875065AA-EA3B-4C7A-B7DD-9B660AA76D27}"
EndProject
Project("{FAE04EC0-301F-11D3-BF4B-00C04F79EFBC}") = "CommonServiceLocator.NinjectAdapter.Tests", "src\CommonServiceLocator.NinjectAdapter.Tests\CommonServiceLocator.NinjectAdapter.Tests.csproj", "{3B703A23-DB64-4606-B124-16BA83C461B2}"
EndProject
Project("{2150E333-8FDC-42A3-9474-1A3956D46DE8}") = "Tests", "Tests", "{F1218241-9ED7-4DFA-9943-868AF26365CC}"
EndProject
Project("{FAE04EC0-301F-11D3-BF4B-00C04F79EFBC}") = "Ninject.iOS", "src\Ninject\Ninject.iOS.csproj", "{DEE2901A-0889-4A2F-87B8-9F6167EBB299}"
EndProject
Project("{FAE04EC0-301F-11D3-BF4B-00C04F79EFBC}") = "Ninject.Android", "src\Ninject\Ninject.Android.csproj", "{F17D4625-E480-4671-9C97-24DCEAA1702C}"
EndProject
Project("{FAE04EC0-301F-11D3-BF4B-00C04F79EFBC}") = "RemotingTestServer", "RemotingServer\RemotingTestServer.csproj", "{E2FCFE04-2D57-4F43-8E13-12B47B878C18}"
EndProject
Project("{FAE04EC0-301F-11D3-BF4B-00C04F79EFBC}") = "RemotingTestClient", "RemotingTestClient\RemotingTestClient.csproj", "{0BAD25A0-BE8E-4D8F-9EB2-AB7B307B9D94}"
EndProject
Project("{FAE04EC0-301F-11D3-BF4B-00C04F79EFBC}") = "Ninject.Net45", "src\Ninject\Ninject.Net45.csproj", "{37AAD36A-2252-43D6-8BC4-F63BFEFDFECB}"
EndProject
Project("{FAE04EC0-301F-11D3-BF4B-00C04F79EFBC}") = "Ninject.Wpa81", "src\Ninject\Ninject.Wpa81.csproj", "{A380D911-6F72-4CB3-8FCE-8D373D059BED}"
EndProject
Project("{FAE04EC0-301F-11D3-BF4B-00C04F79EFBC}") = "Ninject.iOS.Tests", "src\Ninject.iOS.Tests\Ninject.iOS.Tests.csproj", "{EE8989C3-2C73-4941-9F7E-5470344E9661}"
EndProject
Project("{FAE04EC0-301F-11D3-BF4B-00C04F79EFBC}") = "Ninject.Wpa81.Tests", "src\Ninject.Wpa81.Tests\Ninject.Wpa81.Tests.csproj", "{09A7BE45-2A38-4087-87E5-FCC842D0742A}"
EndProject
Project("{FAE04EC0-301F-11D3-BF4B-00C04F79EFBC}") = "Ninject.Android.Tests", "src\Ninject.Android.Tests\Ninject.Android.Tests.csproj", "{87B049E5-878F-4694-9E83-D5A74C653039}"
EndProject
Project("{FAE04EC0-301F-11D3-BF4B-00C04F79EFBC}") = "Ninject.iOS-Unified", "src\Ninject\Ninject.iOS-Unified.csproj", "{420ACA2A-7853-4C5D-A3B1-E7AE938A801F}"
EndProject
Global
	GlobalSection(SolutionConfigurationPlatforms) = preSolution
		Debug|Any CPU = Debug|Any CPU
		Debug|ARM = Debug|ARM
		Debug|iPhone = Debug|iPhone
		Debug|iPhoneSimulator = Debug|iPhoneSimulator
		Debug|Mixed Platforms = Debug|Mixed Platforms
		Debug|x86 = Debug|x86
		Release|Any CPU = Release|Any CPU
		Release|ARM = Release|ARM
		Release|iPhone = Release|iPhone
		Release|iPhoneSimulator = Release|iPhoneSimulator
		Release|Mixed Platforms = Release|Mixed Platforms
		Release|x86 = Release|x86
	EndGlobalSection
	GlobalSection(ProjectConfigurationPlatforms) = postSolution
		{ADF369E2-6B9E-4D56-9B82-D273AE41EC2D}.Debug|Any CPU.ActiveCfg = Debug|Any CPU
		{ADF369E2-6B9E-4D56-9B82-D273AE41EC2D}.Debug|Any CPU.Build.0 = Debug|Any CPU
		{ADF369E2-6B9E-4D56-9B82-D273AE41EC2D}.Debug|ARM.ActiveCfg = Debug|Any CPU
		{ADF369E2-6B9E-4D56-9B82-D273AE41EC2D}.Debug|iPhone.ActiveCfg = Debug|Any CPU
		{ADF369E2-6B9E-4D56-9B82-D273AE41EC2D}.Debug|iPhoneSimulator.ActiveCfg = Debug|Any CPU
		{ADF369E2-6B9E-4D56-9B82-D273AE41EC2D}.Debug|Mixed Platforms.ActiveCfg = Debug|Any CPU
		{ADF369E2-6B9E-4D56-9B82-D273AE41EC2D}.Debug|Mixed Platforms.Build.0 = Debug|Any CPU
		{ADF369E2-6B9E-4D56-9B82-D273AE41EC2D}.Debug|x86.ActiveCfg = Debug|Any CPU
		{ADF369E2-6B9E-4D56-9B82-D273AE41EC2D}.Debug|x86.Build.0 = Debug|Any CPU
		{ADF369E2-6B9E-4D56-9B82-D273AE41EC2D}.Release|Any CPU.ActiveCfg = Release|Any CPU
		{ADF369E2-6B9E-4D56-9B82-D273AE41EC2D}.Release|Any CPU.Build.0 = Release|Any CPU
		{ADF369E2-6B9E-4D56-9B82-D273AE41EC2D}.Release|ARM.ActiveCfg = Release|Any CPU
		{ADF369E2-6B9E-4D56-9B82-D273AE41EC2D}.Release|iPhone.ActiveCfg = Release|Any CPU
		{ADF369E2-6B9E-4D56-9B82-D273AE41EC2D}.Release|iPhoneSimulator.ActiveCfg = Release|Any CPU
		{ADF369E2-6B9E-4D56-9B82-D273AE41EC2D}.Release|Mixed Platforms.ActiveCfg = Release|Any CPU
		{ADF369E2-6B9E-4D56-9B82-D273AE41EC2D}.Release|Mixed Platforms.Build.0 = Release|Any CPU
		{ADF369E2-6B9E-4D56-9B82-D273AE41EC2D}.Release|x86.ActiveCfg = Release|Any CPU
		{ADF369E2-6B9E-4D56-9B82-D273AE41EC2D}.Release|x86.Build.0 = Release|Any CPU
		{9BD94717-484B-4EB1-AF32-8D4244F02E8E}.Debug|Any CPU.ActiveCfg = Debug|Any CPU
		{9BD94717-484B-4EB1-AF32-8D4244F02E8E}.Debug|Any CPU.Build.0 = Debug|Any CPU
		{9BD94717-484B-4EB1-AF32-8D4244F02E8E}.Debug|ARM.ActiveCfg = Debug|Any CPU
		{9BD94717-484B-4EB1-AF32-8D4244F02E8E}.Debug|iPhone.ActiveCfg = Debug|Any CPU
		{9BD94717-484B-4EB1-AF32-8D4244F02E8E}.Debug|iPhoneSimulator.ActiveCfg = Debug|Any CPU
		{9BD94717-484B-4EB1-AF32-8D4244F02E8E}.Debug|Mixed Platforms.ActiveCfg = Debug|Any CPU
		{9BD94717-484B-4EB1-AF32-8D4244F02E8E}.Debug|Mixed Platforms.Build.0 = Debug|Any CPU
		{9BD94717-484B-4EB1-AF32-8D4244F02E8E}.Debug|x86.ActiveCfg = Debug|Any CPU
		{9BD94717-484B-4EB1-AF32-8D4244F02E8E}.Release|Any CPU.ActiveCfg = Release|Any CPU
		{9BD94717-484B-4EB1-AF32-8D4244F02E8E}.Release|Any CPU.Build.0 = Release|Any CPU
		{9BD94717-484B-4EB1-AF32-8D4244F02E8E}.Release|ARM.ActiveCfg = Release|Any CPU
		{9BD94717-484B-4EB1-AF32-8D4244F02E8E}.Release|iPhone.ActiveCfg = Release|Any CPU
		{9BD94717-484B-4EB1-AF32-8D4244F02E8E}.Release|iPhoneSimulator.ActiveCfg = Release|Any CPU
		{9BD94717-484B-4EB1-AF32-8D4244F02E8E}.Release|Mixed Platforms.ActiveCfg = Release|Any CPU
		{9BD94717-484B-4EB1-AF32-8D4244F02E8E}.Release|Mixed Platforms.Build.0 = Release|Any CPU
		{9BD94717-484B-4EB1-AF32-8D4244F02E8E}.Release|x86.ActiveCfg = Release|Any CPU
		{7E7DE343-8DBD-42EE-94ED-036E9E0F5411}.Debug|Any CPU.ActiveCfg = Debug|Any CPU
		{7E7DE343-8DBD-42EE-94ED-036E9E0F5411}.Debug|Any CPU.Build.0 = Debug|Any CPU
		{7E7DE343-8DBD-42EE-94ED-036E9E0F5411}.Debug|ARM.ActiveCfg = Debug|Any CPU
		{7E7DE343-8DBD-42EE-94ED-036E9E0F5411}.Debug|iPhone.ActiveCfg = Debug|Any CPU
		{7E7DE343-8DBD-42EE-94ED-036E9E0F5411}.Debug|iPhoneSimulator.ActiveCfg = Debug|Any CPU
		{7E7DE343-8DBD-42EE-94ED-036E9E0F5411}.Debug|Mixed Platforms.ActiveCfg = Debug|Any CPU
		{7E7DE343-8DBD-42EE-94ED-036E9E0F5411}.Debug|Mixed Platforms.Build.0 = Debug|Any CPU
		{7E7DE343-8DBD-42EE-94ED-036E9E0F5411}.Debug|x86.ActiveCfg = Debug|Any CPU
		{7E7DE343-8DBD-42EE-94ED-036E9E0F5411}.Release|Any CPU.ActiveCfg = Release|Any CPU
		{7E7DE343-8DBD-42EE-94ED-036E9E0F5411}.Release|Any CPU.Build.0 = Release|Any CPU
		{7E7DE343-8DBD-42EE-94ED-036E9E0F5411}.Release|ARM.ActiveCfg = Release|Any CPU
		{7E7DE343-8DBD-42EE-94ED-036E9E0F5411}.Release|iPhone.ActiveCfg = Release|Any CPU
		{7E7DE343-8DBD-42EE-94ED-036E9E0F5411}.Release|iPhoneSimulator.ActiveCfg = Release|Any CPU
		{7E7DE343-8DBD-42EE-94ED-036E9E0F5411}.Release|Mixed Platforms.ActiveCfg = Release|Any CPU
		{7E7DE343-8DBD-42EE-94ED-036E9E0F5411}.Release|Mixed Platforms.Build.0 = Release|Any CPU
		{7E7DE343-8DBD-42EE-94ED-036E9E0F5411}.Release|x86.ActiveCfg = Release|Any CPU
		{90F46524-0716-4180-8A5F-1CD1EB5686F6}.Debug|Any CPU.ActiveCfg = Debug|Any CPU
		{90F46524-0716-4180-8A5F-1CD1EB5686F6}.Debug|Any CPU.Build.0 = Debug|Any CPU
		{90F46524-0716-4180-8A5F-1CD1EB5686F6}.Debug|ARM.ActiveCfg = Debug|Any CPU
		{90F46524-0716-4180-8A5F-1CD1EB5686F6}.Debug|iPhone.ActiveCfg = Debug|Any CPU
		{90F46524-0716-4180-8A5F-1CD1EB5686F6}.Debug|iPhoneSimulator.ActiveCfg = Debug|Any CPU
		{90F46524-0716-4180-8A5F-1CD1EB5686F6}.Debug|Mixed Platforms.ActiveCfg = Debug|Any CPU
		{90F46524-0716-4180-8A5F-1CD1EB5686F6}.Debug|Mixed Platforms.Build.0 = Debug|Any CPU
		{90F46524-0716-4180-8A5F-1CD1EB5686F6}.Debug|x86.ActiveCfg = Debug|Any CPU
		{90F46524-0716-4180-8A5F-1CD1EB5686F6}.Release|Any CPU.ActiveCfg = Release|Any CPU
		{90F46524-0716-4180-8A5F-1CD1EB5686F6}.Release|Any CPU.Build.0 = Release|Any CPU
		{90F46524-0716-4180-8A5F-1CD1EB5686F6}.Release|ARM.ActiveCfg = Release|Any CPU
		{90F46524-0716-4180-8A5F-1CD1EB5686F6}.Release|iPhone.ActiveCfg = Release|Any CPU
		{90F46524-0716-4180-8A5F-1CD1EB5686F6}.Release|iPhoneSimulator.ActiveCfg = Release|Any CPU
		{90F46524-0716-4180-8A5F-1CD1EB5686F6}.Release|Mixed Platforms.ActiveCfg = Release|Any CPU
		{90F46524-0716-4180-8A5F-1CD1EB5686F6}.Release|Mixed Platforms.Build.0 = Release|Any CPU
		{90F46524-0716-4180-8A5F-1CD1EB5686F6}.Release|x86.ActiveCfg = Release|Any CPU
		{C9F6CFE7-44B2-4D55-9307-33C34C045468}.Debug|Any CPU.ActiveCfg = Debug|Any CPU
		{C9F6CFE7-44B2-4D55-9307-33C34C045468}.Debug|Any CPU.Build.0 = Debug|Any CPU
		{C9F6CFE7-44B2-4D55-9307-33C34C045468}.Debug|ARM.ActiveCfg = Debug|Any CPU
		{C9F6CFE7-44B2-4D55-9307-33C34C045468}.Debug|iPhone.ActiveCfg = Debug|Any CPU
		{C9F6CFE7-44B2-4D55-9307-33C34C045468}.Debug|iPhoneSimulator.ActiveCfg = Debug|Any CPU
		{C9F6CFE7-44B2-4D55-9307-33C34C045468}.Debug|Mixed Platforms.ActiveCfg = Debug|Any CPU
		{C9F6CFE7-44B2-4D55-9307-33C34C045468}.Debug|Mixed Platforms.Build.0 = Debug|Any CPU
		{C9F6CFE7-44B2-4D55-9307-33C34C045468}.Debug|x86.ActiveCfg = Debug|Any CPU
		{C9F6CFE7-44B2-4D55-9307-33C34C045468}.Release|Any CPU.ActiveCfg = Release|Any CPU
		{C9F6CFE7-44B2-4D55-9307-33C34C045468}.Release|Any CPU.Build.0 = Release|Any CPU
		{C9F6CFE7-44B2-4D55-9307-33C34C045468}.Release|ARM.ActiveCfg = Release|Any CPU
		{C9F6CFE7-44B2-4D55-9307-33C34C045468}.Release|iPhone.ActiveCfg = Release|Any CPU
		{C9F6CFE7-44B2-4D55-9307-33C34C045468}.Release|iPhoneSimulator.ActiveCfg = Release|Any CPU
		{C9F6CFE7-44B2-4D55-9307-33C34C045468}.Release|Mixed Platforms.ActiveCfg = Release|Any CPU
		{C9F6CFE7-44B2-4D55-9307-33C34C045468}.Release|Mixed Platforms.Build.0 = Release|Any CPU
		{C9F6CFE7-44B2-4D55-9307-33C34C045468}.Release|x86.ActiveCfg = Release|Any CPU
		{0EA44209-1324-4BEE-A8D2-46163D26B504}.Debug|Any CPU.ActiveCfg = Debug|Any CPU
		{0EA44209-1324-4BEE-A8D2-46163D26B504}.Debug|Any CPU.Build.0 = Debug|Any CPU
		{0EA44209-1324-4BEE-A8D2-46163D26B504}.Debug|ARM.ActiveCfg = Debug|Any CPU
		{0EA44209-1324-4BEE-A8D2-46163D26B504}.Debug|iPhone.ActiveCfg = Debug|Any CPU
		{0EA44209-1324-4BEE-A8D2-46163D26B504}.Debug|iPhoneSimulator.ActiveCfg = Debug|Any CPU
		{0EA44209-1324-4BEE-A8D2-46163D26B504}.Debug|Mixed Platforms.ActiveCfg = Debug|Any CPU
		{0EA44209-1324-4BEE-A8D2-46163D26B504}.Debug|Mixed Platforms.Build.0 = Debug|Any CPU
		{0EA44209-1324-4BEE-A8D2-46163D26B504}.Debug|x86.ActiveCfg = Debug|Any CPU
		{0EA44209-1324-4BEE-A8D2-46163D26B504}.Release|Any CPU.ActiveCfg = Release|Any CPU
		{0EA44209-1324-4BEE-A8D2-46163D26B504}.Release|Any CPU.Build.0 = Release|Any CPU
		{0EA44209-1324-4BEE-A8D2-46163D26B504}.Release|ARM.ActiveCfg = Release|Any CPU
		{0EA44209-1324-4BEE-A8D2-46163D26B504}.Release|iPhone.ActiveCfg = Release|Any CPU
		{0EA44209-1324-4BEE-A8D2-46163D26B504}.Release|iPhoneSimulator.ActiveCfg = Release|Any CPU
		{0EA44209-1324-4BEE-A8D2-46163D26B504}.Release|Mixed Platforms.ActiveCfg = Release|Any CPU
		{0EA44209-1324-4BEE-A8D2-46163D26B504}.Release|Mixed Platforms.Build.0 = Release|Any CPU
		{0EA44209-1324-4BEE-A8D2-46163D26B504}.Release|x86.ActiveCfg = Release|Any CPU
		{AA75BE5B-8603-489D-8F9F-6ACD02598FD3}.Debug|Any CPU.ActiveCfg = Debug|Any CPU
		{AA75BE5B-8603-489D-8F9F-6ACD02598FD3}.Debug|Any CPU.Build.0 = Debug|Any CPU
		{AA75BE5B-8603-489D-8F9F-6ACD02598FD3}.Debug|Any CPU.Deploy.0 = Debug|Any CPU
		{AA75BE5B-8603-489D-8F9F-6ACD02598FD3}.Debug|ARM.ActiveCfg = Debug|Any CPU
		{AA75BE5B-8603-489D-8F9F-6ACD02598FD3}.Debug|iPhone.ActiveCfg = Debug|Any CPU
		{AA75BE5B-8603-489D-8F9F-6ACD02598FD3}.Debug|iPhoneSimulator.ActiveCfg = Debug|Any CPU
		{AA75BE5B-8603-489D-8F9F-6ACD02598FD3}.Debug|Mixed Platforms.ActiveCfg = Debug|Any CPU
		{AA75BE5B-8603-489D-8F9F-6ACD02598FD3}.Debug|Mixed Platforms.Build.0 = Debug|Any CPU
		{AA75BE5B-8603-489D-8F9F-6ACD02598FD3}.Debug|Mixed Platforms.Deploy.0 = Debug|Any CPU
		{AA75BE5B-8603-489D-8F9F-6ACD02598FD3}.Debug|x86.ActiveCfg = Debug|Any CPU
		{AA75BE5B-8603-489D-8F9F-6ACD02598FD3}.Release|Any CPU.ActiveCfg = Release|Any CPU
		{AA75BE5B-8603-489D-8F9F-6ACD02598FD3}.Release|Any CPU.Build.0 = Release|Any CPU
		{AA75BE5B-8603-489D-8F9F-6ACD02598FD3}.Release|Any CPU.Deploy.0 = Release|Any CPU
		{AA75BE5B-8603-489D-8F9F-6ACD02598FD3}.Release|ARM.ActiveCfg = Release|Any CPU
		{AA75BE5B-8603-489D-8F9F-6ACD02598FD3}.Release|iPhone.ActiveCfg = Release|Any CPU
		{AA75BE5B-8603-489D-8F9F-6ACD02598FD3}.Release|iPhoneSimulator.ActiveCfg = Release|Any CPU
		{AA75BE5B-8603-489D-8F9F-6ACD02598FD3}.Release|Mixed Platforms.ActiveCfg = Release|Any CPU
		{AA75BE5B-8603-489D-8F9F-6ACD02598FD3}.Release|Mixed Platforms.Build.0 = Release|Any CPU
		{AA75BE5B-8603-489D-8F9F-6ACD02598FD3}.Release|Mixed Platforms.Deploy.0 = Release|Any CPU
		{AA75BE5B-8603-489D-8F9F-6ACD02598FD3}.Release|x86.ActiveCfg = Release|Any CPU
		{E02E7007-D499-45FC-A48D-1C195DB58021}.Debug|Any CPU.ActiveCfg = Debug|Any CPU
		{E02E7007-D499-45FC-A48D-1C195DB58021}.Debug|Any CPU.Build.0 = Debug|Any CPU
		{E02E7007-D499-45FC-A48D-1C195DB58021}.Debug|ARM.ActiveCfg = Debug|Any CPU
		{E02E7007-D499-45FC-A48D-1C195DB58021}.Debug|iPhone.ActiveCfg = Debug|Any CPU
		{E02E7007-D499-45FC-A48D-1C195DB58021}.Debug|iPhoneSimulator.ActiveCfg = Debug|Any CPU
		{E02E7007-D499-45FC-A48D-1C195DB58021}.Debug|Mixed Platforms.ActiveCfg = Debug|Any CPU
		{E02E7007-D499-45FC-A48D-1C195DB58021}.Debug|Mixed Platforms.Build.0 = Debug|Any CPU
		{E02E7007-D499-45FC-A48D-1C195DB58021}.Debug|x86.ActiveCfg = Debug|Any CPU
		{E02E7007-D499-45FC-A48D-1C195DB58021}.Release|Any CPU.ActiveCfg = Release|Any CPU
		{E02E7007-D499-45FC-A48D-1C195DB58021}.Release|Any CPU.Build.0 = Release|Any CPU
		{E02E7007-D499-45FC-A48D-1C195DB58021}.Release|ARM.ActiveCfg = Release|Any CPU
		{E02E7007-D499-45FC-A48D-1C195DB58021}.Release|iPhone.ActiveCfg = Release|Any CPU
		{E02E7007-D499-45FC-A48D-1C195DB58021}.Release|iPhoneSimulator.ActiveCfg = Release|Any CPU
		{E02E7007-D499-45FC-A48D-1C195DB58021}.Release|Mixed Platforms.ActiveCfg = Release|Any CPU
		{E02E7007-D499-45FC-A48D-1C195DB58021}.Release|Mixed Platforms.Build.0 = Release|Any CPU
		{E02E7007-D499-45FC-A48D-1C195DB58021}.Release|x86.ActiveCfg = Release|Any CPU
		{875065AA-EA3B-4C7A-B7DD-9B660AA76D27}.Debug|Any CPU.ActiveCfg = Debug|Any CPU
		{875065AA-EA3B-4C7A-B7DD-9B660AA76D27}.Debug|Any CPU.Build.0 = Debug|Any CPU
		{875065AA-EA3B-4C7A-B7DD-9B660AA76D27}.Debug|ARM.ActiveCfg = Debug|Any CPU
		{875065AA-EA3B-4C7A-B7DD-9B660AA76D27}.Debug|iPhone.ActiveCfg = Debug|Any CPU
		{875065AA-EA3B-4C7A-B7DD-9B660AA76D27}.Debug|iPhoneSimulator.ActiveCfg = Debug|Any CPU
		{875065AA-EA3B-4C7A-B7DD-9B660AA76D27}.Debug|Mixed Platforms.ActiveCfg = Debug|Any CPU
		{875065AA-EA3B-4C7A-B7DD-9B660AA76D27}.Debug|Mixed Platforms.Build.0 = Debug|Any CPU
		{875065AA-EA3B-4C7A-B7DD-9B660AA76D27}.Debug|x86.ActiveCfg = Debug|Any CPU
		{875065AA-EA3B-4C7A-B7DD-9B660AA76D27}.Release|Any CPU.ActiveCfg = Release|Any CPU
		{875065AA-EA3B-4C7A-B7DD-9B660AA76D27}.Release|Any CPU.Build.0 = Release|Any CPU
		{875065AA-EA3B-4C7A-B7DD-9B660AA76D27}.Release|ARM.ActiveCfg = Release|Any CPU
		{875065AA-EA3B-4C7A-B7DD-9B660AA76D27}.Release|iPhone.ActiveCfg = Release|Any CPU
		{875065AA-EA3B-4C7A-B7DD-9B660AA76D27}.Release|iPhoneSimulator.ActiveCfg = Release|Any CPU
		{875065AA-EA3B-4C7A-B7DD-9B660AA76D27}.Release|Mixed Platforms.ActiveCfg = Release|Any CPU
		{875065AA-EA3B-4C7A-B7DD-9B660AA76D27}.Release|Mixed Platforms.Build.0 = Release|Any CPU
		{875065AA-EA3B-4C7A-B7DD-9B660AA76D27}.Release|x86.ActiveCfg = Release|Any CPU
		{3B703A23-DB64-4606-B124-16BA83C461B2}.Debug|Any CPU.ActiveCfg = Debug|Any CPU
		{3B703A23-DB64-4606-B124-16BA83C461B2}.Debug|Any CPU.Build.0 = Debug|Any CPU
		{3B703A23-DB64-4606-B124-16BA83C461B2}.Debug|ARM.ActiveCfg = Debug|Any CPU
		{3B703A23-DB64-4606-B124-16BA83C461B2}.Debug|iPhone.ActiveCfg = Debug|Any CPU
		{3B703A23-DB64-4606-B124-16BA83C461B2}.Debug|iPhoneSimulator.ActiveCfg = Debug|Any CPU
		{3B703A23-DB64-4606-B124-16BA83C461B2}.Debug|Mixed Platforms.ActiveCfg = Debug|Any CPU
		{3B703A23-DB64-4606-B124-16BA83C461B2}.Debug|Mixed Platforms.Build.0 = Debug|Any CPU
		{3B703A23-DB64-4606-B124-16BA83C461B2}.Debug|x86.ActiveCfg = Debug|Any CPU
		{3B703A23-DB64-4606-B124-16BA83C461B2}.Release|Any CPU.ActiveCfg = Release|Any CPU
		{3B703A23-DB64-4606-B124-16BA83C461B2}.Release|Any CPU.Build.0 = Release|Any CPU
		{3B703A23-DB64-4606-B124-16BA83C461B2}.Release|ARM.ActiveCfg = Release|Any CPU
		{3B703A23-DB64-4606-B124-16BA83C461B2}.Release|iPhone.ActiveCfg = Release|Any CPU
		{3B703A23-DB64-4606-B124-16BA83C461B2}.Release|iPhoneSimulator.ActiveCfg = Release|Any CPU
		{3B703A23-DB64-4606-B124-16BA83C461B2}.Release|Mixed Platforms.ActiveCfg = Release|Any CPU
		{3B703A23-DB64-4606-B124-16BA83C461B2}.Release|Mixed Platforms.Build.0 = Release|Any CPU
		{3B703A23-DB64-4606-B124-16BA83C461B2}.Release|x86.ActiveCfg = Release|Any CPU
		{DEE2901A-0889-4A2F-87B8-9F6167EBB299}.Debug|Any CPU.ActiveCfg = Debug|Any CPU
		{DEE2901A-0889-4A2F-87B8-9F6167EBB299}.Debug|Any CPU.Build.0 = Debug|Any CPU
		{DEE2901A-0889-4A2F-87B8-9F6167EBB299}.Debug|ARM.ActiveCfg = Debug|Any CPU
		{DEE2901A-0889-4A2F-87B8-9F6167EBB299}.Debug|iPhone.ActiveCfg = Debug|Any CPU
		{DEE2901A-0889-4A2F-87B8-9F6167EBB299}.Debug|iPhoneSimulator.ActiveCfg = Debug|Any CPU
		{DEE2901A-0889-4A2F-87B8-9F6167EBB299}.Debug|Mixed Platforms.ActiveCfg = Debug|Any CPU
		{DEE2901A-0889-4A2F-87B8-9F6167EBB299}.Debug|Mixed Platforms.Build.0 = Debug|Any CPU
		{DEE2901A-0889-4A2F-87B8-9F6167EBB299}.Debug|x86.ActiveCfg = Debug|Any CPU
		{DEE2901A-0889-4A2F-87B8-9F6167EBB299}.Release|Any CPU.ActiveCfg = Release|Any CPU
		{DEE2901A-0889-4A2F-87B8-9F6167EBB299}.Release|Any CPU.Build.0 = Release|Any CPU
		{DEE2901A-0889-4A2F-87B8-9F6167EBB299}.Release|ARM.ActiveCfg = Release|Any CPU
		{DEE2901A-0889-4A2F-87B8-9F6167EBB299}.Release|iPhone.ActiveCfg = Release|Any CPU
		{DEE2901A-0889-4A2F-87B8-9F6167EBB299}.Release|iPhoneSimulator.ActiveCfg = Release|Any CPU
		{DEE2901A-0889-4A2F-87B8-9F6167EBB299}.Release|Mixed Platforms.ActiveCfg = Release|Any CPU
		{DEE2901A-0889-4A2F-87B8-9F6167EBB299}.Release|Mixed Platforms.Build.0 = Release|Any CPU
		{DEE2901A-0889-4A2F-87B8-9F6167EBB299}.Release|x86.ActiveCfg = Release|Any CPU
		{F17D4625-E480-4671-9C97-24DCEAA1702C}.Debug|Any CPU.ActiveCfg = Debug|Any CPU
		{F17D4625-E480-4671-9C97-24DCEAA1702C}.Debug|Any CPU.Build.0 = Debug|Any CPU
		{F17D4625-E480-4671-9C97-24DCEAA1702C}.Debug|ARM.ActiveCfg = Debug|Any CPU
		{F17D4625-E480-4671-9C97-24DCEAA1702C}.Debug|iPhone.ActiveCfg = Debug|Any CPU
		{F17D4625-E480-4671-9C97-24DCEAA1702C}.Debug|iPhoneSimulator.ActiveCfg = Debug|Any CPU
		{F17D4625-E480-4671-9C97-24DCEAA1702C}.Debug|Mixed Platforms.ActiveCfg = Debug|Any CPU
		{F17D4625-E480-4671-9C97-24DCEAA1702C}.Debug|Mixed Platforms.Build.0 = Debug|Any CPU
		{F17D4625-E480-4671-9C97-24DCEAA1702C}.Debug|x86.ActiveCfg = Debug|Any CPU
		{F17D4625-E480-4671-9C97-24DCEAA1702C}.Release|Any CPU.ActiveCfg = Release|Any CPU
		{F17D4625-E480-4671-9C97-24DCEAA1702C}.Release|Any CPU.Build.0 = Release|Any CPU
		{F17D4625-E480-4671-9C97-24DCEAA1702C}.Release|ARM.ActiveCfg = Release|Any CPU
		{F17D4625-E480-4671-9C97-24DCEAA1702C}.Release|iPhone.ActiveCfg = Release|Any CPU
		{F17D4625-E480-4671-9C97-24DCEAA1702C}.Release|iPhoneSimulator.ActiveCfg = Release|Any CPU
		{F17D4625-E480-4671-9C97-24DCEAA1702C}.Release|Mixed Platforms.ActiveCfg = Release|Any CPU
		{F17D4625-E480-4671-9C97-24DCEAA1702C}.Release|Mixed Platforms.Build.0 = Release|Any CPU
		{F17D4625-E480-4671-9C97-24DCEAA1702C}.Release|x86.ActiveCfg = Release|Any CPU
		{E2FCFE04-2D57-4F43-8E13-12B47B878C18}.Debug|Any CPU.ActiveCfg = Debug|Any CPU
		{E2FCFE04-2D57-4F43-8E13-12B47B878C18}.Debug|Any CPU.Build.0 = Debug|Any CPU
		{E2FCFE04-2D57-4F43-8E13-12B47B878C18}.Debug|ARM.ActiveCfg = Debug|Any CPU
		{E2FCFE04-2D57-4F43-8E13-12B47B878C18}.Debug|iPhone.ActiveCfg = Debug|Any CPU
		{E2FCFE04-2D57-4F43-8E13-12B47B878C18}.Debug|iPhoneSimulator.ActiveCfg = Debug|Any CPU
		{E2FCFE04-2D57-4F43-8E13-12B47B878C18}.Debug|Mixed Platforms.ActiveCfg = Debug|Any CPU
		{E2FCFE04-2D57-4F43-8E13-12B47B878C18}.Debug|Mixed Platforms.Build.0 = Debug|Any CPU
		{E2FCFE04-2D57-4F43-8E13-12B47B878C18}.Debug|x86.ActiveCfg = Debug|Any CPU
		{E2FCFE04-2D57-4F43-8E13-12B47B878C18}.Release|Any CPU.ActiveCfg = Release|Any CPU
		{E2FCFE04-2D57-4F43-8E13-12B47B878C18}.Release|Any CPU.Build.0 = Release|Any CPU
		{E2FCFE04-2D57-4F43-8E13-12B47B878C18}.Release|ARM.ActiveCfg = Release|Any CPU
		{E2FCFE04-2D57-4F43-8E13-12B47B878C18}.Release|iPhone.ActiveCfg = Release|Any CPU
		{E2FCFE04-2D57-4F43-8E13-12B47B878C18}.Release|iPhoneSimulator.ActiveCfg = Release|Any CPU
		{E2FCFE04-2D57-4F43-8E13-12B47B878C18}.Release|Mixed Platforms.ActiveCfg = Release|Any CPU
		{E2FCFE04-2D57-4F43-8E13-12B47B878C18}.Release|Mixed Platforms.Build.0 = Release|Any CPU
		{E2FCFE04-2D57-4F43-8E13-12B47B878C18}.Release|x86.ActiveCfg = Release|Any CPU
		{0BAD25A0-BE8E-4D8F-9EB2-AB7B307B9D94}.Debug|Any CPU.ActiveCfg = Debug|Any CPU
		{0BAD25A0-BE8E-4D8F-9EB2-AB7B307B9D94}.Debug|Any CPU.Build.0 = Debug|Any CPU
		{0BAD25A0-BE8E-4D8F-9EB2-AB7B307B9D94}.Debug|ARM.ActiveCfg = Debug|Any CPU
		{0BAD25A0-BE8E-4D8F-9EB2-AB7B307B9D94}.Debug|iPhone.ActiveCfg = Debug|Any CPU
		{0BAD25A0-BE8E-4D8F-9EB2-AB7B307B9D94}.Debug|iPhoneSimulator.ActiveCfg = Debug|Any CPU
		{0BAD25A0-BE8E-4D8F-9EB2-AB7B307B9D94}.Debug|Mixed Platforms.ActiveCfg = Debug|Any CPU
		{0BAD25A0-BE8E-4D8F-9EB2-AB7B307B9D94}.Debug|Mixed Platforms.Build.0 = Debug|Any CPU
		{0BAD25A0-BE8E-4D8F-9EB2-AB7B307B9D94}.Debug|x86.ActiveCfg = Debug|Any CPU
		{0BAD25A0-BE8E-4D8F-9EB2-AB7B307B9D94}.Release|Any CPU.ActiveCfg = Release|Any CPU
		{0BAD25A0-BE8E-4D8F-9EB2-AB7B307B9D94}.Release|Any CPU.Build.0 = Release|Any CPU
		{0BAD25A0-BE8E-4D8F-9EB2-AB7B307B9D94}.Release|ARM.ActiveCfg = Release|Any CPU
		{0BAD25A0-BE8E-4D8F-9EB2-AB7B307B9D94}.Release|iPhone.ActiveCfg = Release|Any CPU
		{0BAD25A0-BE8E-4D8F-9EB2-AB7B307B9D94}.Release|iPhoneSimulator.ActiveCfg = Release|Any CPU
		{0BAD25A0-BE8E-4D8F-9EB2-AB7B307B9D94}.Release|Mixed Platforms.ActiveCfg = Release|Any CPU
		{0BAD25A0-BE8E-4D8F-9EB2-AB7B307B9D94}.Release|Mixed Platforms.Build.0 = Release|Any CPU
		{0BAD25A0-BE8E-4D8F-9EB2-AB7B307B9D94}.Release|x86.ActiveCfg = Release|Any CPU
		{37AAD36A-2252-43D6-8BC4-F63BFEFDFECB}.Debug|Any CPU.ActiveCfg = Debug|Any CPU
		{37AAD36A-2252-43D6-8BC4-F63BFEFDFECB}.Debug|Any CPU.Build.0 = Debug|Any CPU
		{37AAD36A-2252-43D6-8BC4-F63BFEFDFECB}.Debug|ARM.ActiveCfg = Debug|Any CPU
		{37AAD36A-2252-43D6-8BC4-F63BFEFDFECB}.Debug|iPhone.ActiveCfg = Debug|Any CPU
		{37AAD36A-2252-43D6-8BC4-F63BFEFDFECB}.Debug|iPhoneSimulator.ActiveCfg = Debug|Any CPU
		{37AAD36A-2252-43D6-8BC4-F63BFEFDFECB}.Debug|Mixed Platforms.ActiveCfg = Debug|Any CPU
		{37AAD36A-2252-43D6-8BC4-F63BFEFDFECB}.Debug|Mixed Platforms.Build.0 = Debug|Any CPU
		{37AAD36A-2252-43D6-8BC4-F63BFEFDFECB}.Debug|x86.ActiveCfg = Debug|Any CPU
		{37AAD36A-2252-43D6-8BC4-F63BFEFDFECB}.Release|Any CPU.ActiveCfg = Release|Any CPU
		{37AAD36A-2252-43D6-8BC4-F63BFEFDFECB}.Release|Any CPU.Build.0 = Release|Any CPU
		{37AAD36A-2252-43D6-8BC4-F63BFEFDFECB}.Release|ARM.ActiveCfg = Release|Any CPU
		{37AAD36A-2252-43D6-8BC4-F63BFEFDFECB}.Release|iPhone.ActiveCfg = Release|Any CPU
		{37AAD36A-2252-43D6-8BC4-F63BFEFDFECB}.Release|iPhoneSimulator.ActiveCfg = Release|Any CPU
		{37AAD36A-2252-43D6-8BC4-F63BFEFDFECB}.Release|Mixed Platforms.ActiveCfg = Release|Any CPU
		{37AAD36A-2252-43D6-8BC4-F63BFEFDFECB}.Release|Mixed Platforms.Build.0 = Release|Any CPU
		{37AAD36A-2252-43D6-8BC4-F63BFEFDFECB}.Release|x86.ActiveCfg = Release|Any CPU
		{A380D911-6F72-4CB3-8FCE-8D373D059BED}.Debug|Any CPU.ActiveCfg = Debug|Any CPU
		{A380D911-6F72-4CB3-8FCE-8D373D059BED}.Debug|Any CPU.Build.0 = Debug|Any CPU
		{A380D911-6F72-4CB3-8FCE-8D373D059BED}.Debug|ARM.ActiveCfg = Debug|Any CPU
		{A380D911-6F72-4CB3-8FCE-8D373D059BED}.Debug|iPhone.ActiveCfg = Debug|Any CPU
		{A380D911-6F72-4CB3-8FCE-8D373D059BED}.Debug|iPhoneSimulator.ActiveCfg = Debug|Any CPU
		{A380D911-6F72-4CB3-8FCE-8D373D059BED}.Debug|Mixed Platforms.ActiveCfg = Debug|Any CPU
		{A380D911-6F72-4CB3-8FCE-8D373D059BED}.Debug|Mixed Platforms.Build.0 = Debug|Any CPU
		{A380D911-6F72-4CB3-8FCE-8D373D059BED}.Debug|x86.ActiveCfg = Debug|Any CPU
		{A380D911-6F72-4CB3-8FCE-8D373D059BED}.Release|Any CPU.ActiveCfg = Release|Any CPU
		{A380D911-6F72-4CB3-8FCE-8D373D059BED}.Release|Any CPU.Build.0 = Release|Any CPU
		{A380D911-6F72-4CB3-8FCE-8D373D059BED}.Release|ARM.ActiveCfg = Release|Any CPU
		{A380D911-6F72-4CB3-8FCE-8D373D059BED}.Release|iPhone.ActiveCfg = Release|Any CPU
		{A380D911-6F72-4CB3-8FCE-8D373D059BED}.Release|iPhoneSimulator.ActiveCfg = Release|Any CPU
		{A380D911-6F72-4CB3-8FCE-8D373D059BED}.Release|Mixed Platforms.ActiveCfg = Release|Any CPU
		{A380D911-6F72-4CB3-8FCE-8D373D059BED}.Release|Mixed Platforms.Build.0 = Release|Any CPU
		{A380D911-6F72-4CB3-8FCE-8D373D059BED}.Release|x86.ActiveCfg = Release|Any CPU
		{EE8989C3-2C73-4941-9F7E-5470344E9661}.Debug|Any CPU.ActiveCfg = Debug|iPhone
		{EE8989C3-2C73-4941-9F7E-5470344E9661}.Debug|Any CPU.Build.0 = Debug|iPhone
		{EE8989C3-2C73-4941-9F7E-5470344E9661}.Debug|Any CPU.Deploy.0 = Debug|iPhone
		{EE8989C3-2C73-4941-9F7E-5470344E9661}.Debug|ARM.ActiveCfg = Debug|iPhone
		{EE8989C3-2C73-4941-9F7E-5470344E9661}.Debug|iPhone.ActiveCfg = Debug|iPhone
		{EE8989C3-2C73-4941-9F7E-5470344E9661}.Debug|iPhone.Build.0 = Debug|iPhone
		{EE8989C3-2C73-4941-9F7E-5470344E9661}.Debug|iPhone.Deploy.0 = Debug|iPhone
		{EE8989C3-2C73-4941-9F7E-5470344E9661}.Debug|iPhoneSimulator.ActiveCfg = Debug|iPhoneSimulator
		{EE8989C3-2C73-4941-9F7E-5470344E9661}.Debug|iPhoneSimulator.Build.0 = Debug|iPhoneSimulator
		{EE8989C3-2C73-4941-9F7E-5470344E9661}.Debug|iPhoneSimulator.Deploy.0 = Debug|iPhoneSimulator
		{EE8989C3-2C73-4941-9F7E-5470344E9661}.Debug|Mixed Platforms.ActiveCfg = Debug|iPhone
		{EE8989C3-2C73-4941-9F7E-5470344E9661}.Debug|Mixed Platforms.Build.0 = Debug|iPhone
		{EE8989C3-2C73-4941-9F7E-5470344E9661}.Debug|Mixed Platforms.Deploy.0 = Debug|iPhone
		{EE8989C3-2C73-4941-9F7E-5470344E9661}.Debug|x86.ActiveCfg = Debug|iPhone
		{EE8989C3-2C73-4941-9F7E-5470344E9661}.Release|Any CPU.ActiveCfg = Release|iPhone
		{EE8989C3-2C73-4941-9F7E-5470344E9661}.Release|Any CPU.Build.0 = Release|iPhone
		{EE8989C3-2C73-4941-9F7E-5470344E9661}.Release|Any CPU.Deploy.0 = Release|iPhone
		{EE8989C3-2C73-4941-9F7E-5470344E9661}.Release|ARM.ActiveCfg = Release|iPhone
		{EE8989C3-2C73-4941-9F7E-5470344E9661}.Release|iPhone.ActiveCfg = Release|iPhone
		{EE8989C3-2C73-4941-9F7E-5470344E9661}.Release|iPhone.Build.0 = Release|iPhone
		{EE8989C3-2C73-4941-9F7E-5470344E9661}.Release|iPhone.Deploy.0 = Release|iPhone
		{EE8989C3-2C73-4941-9F7E-5470344E9661}.Release|iPhoneSimulator.ActiveCfg = Release|iPhoneSimulator
		{EE8989C3-2C73-4941-9F7E-5470344E9661}.Release|iPhoneSimulator.Build.0 = Release|iPhoneSimulator
		{EE8989C3-2C73-4941-9F7E-5470344E9661}.Release|iPhoneSimulator.Deploy.0 = Release|iPhoneSimulator
		{EE8989C3-2C73-4941-9F7E-5470344E9661}.Release|Mixed Platforms.ActiveCfg = Release|iPhone
		{EE8989C3-2C73-4941-9F7E-5470344E9661}.Release|Mixed Platforms.Deploy.0 = Release|iPhone
		{EE8989C3-2C73-4941-9F7E-5470344E9661}.Release|x86.ActiveCfg = Release|iPhone
		{09A7BE45-2A38-4087-87E5-FCC842D0742A}.Debug|Any CPU.ActiveCfg = Debug|x86
		{09A7BE45-2A38-4087-87E5-FCC842D0742A}.Debug|Any CPU.Build.0 = Debug|x86
		{09A7BE45-2A38-4087-87E5-FCC842D0742A}.Debug|Any CPU.Deploy.0 = Debug|x86
		{09A7BE45-2A38-4087-87E5-FCC842D0742A}.Debug|ARM.ActiveCfg = Debug|ARM
		{09A7BE45-2A38-4087-87E5-FCC842D0742A}.Debug|ARM.Build.0 = Debug|ARM
		{09A7BE45-2A38-4087-87E5-FCC842D0742A}.Debug|ARM.Deploy.0 = Debug|ARM
		{09A7BE45-2A38-4087-87E5-FCC842D0742A}.Debug|iPhone.ActiveCfg = Debug|x86
		{09A7BE45-2A38-4087-87E5-FCC842D0742A}.Debug|iPhoneSimulator.ActiveCfg = Debug|x86
		{09A7BE45-2A38-4087-87E5-FCC842D0742A}.Debug|Mixed Platforms.ActiveCfg = Debug|x86
		{09A7BE45-2A38-4087-87E5-FCC842D0742A}.Debug|Mixed Platforms.Build.0 = Debug|x86
		{09A7BE45-2A38-4087-87E5-FCC842D0742A}.Debug|Mixed Platforms.Deploy.0 = Debug|x86
		{09A7BE45-2A38-4087-87E5-FCC842D0742A}.Debug|x86.ActiveCfg = Debug|x86
		{09A7BE45-2A38-4087-87E5-FCC842D0742A}.Debug|x86.Build.0 = Debug|x86
		{09A7BE45-2A38-4087-87E5-FCC842D0742A}.Debug|x86.Deploy.0 = Debug|x86
		{09A7BE45-2A38-4087-87E5-FCC842D0742A}.Release|Any CPU.ActiveCfg = Release|x86
		{09A7BE45-2A38-4087-87E5-FCC842D0742A}.Release|Any CPU.Build.0 = Release|x86
		{09A7BE45-2A38-4087-87E5-FCC842D0742A}.Release|Any CPU.Deploy.0 = Release|x86
		{09A7BE45-2A38-4087-87E5-FCC842D0742A}.Release|ARM.ActiveCfg = Release|ARM
		{09A7BE45-2A38-4087-87E5-FCC842D0742A}.Release|ARM.Build.0 = Release|ARM
		{09A7BE45-2A38-4087-87E5-FCC842D0742A}.Release|ARM.Deploy.0 = Release|ARM
		{09A7BE45-2A38-4087-87E5-FCC842D0742A}.Release|iPhone.ActiveCfg = Release|x86
		{09A7BE45-2A38-4087-87E5-FCC842D0742A}.Release|iPhoneSimulator.ActiveCfg = Release|x86
		{09A7BE45-2A38-4087-87E5-FCC842D0742A}.Release|Mixed Platforms.ActiveCfg = Release|x86
		{09A7BE45-2A38-4087-87E5-FCC842D0742A}.Release|Mixed Platforms.Build.0 = Release|x86
		{09A7BE45-2A38-4087-87E5-FCC842D0742A}.Release|Mixed Platforms.Deploy.0 = Release|x86
		{09A7BE45-2A38-4087-87E5-FCC842D0742A}.Release|x86.ActiveCfg = Release|x86
		{09A7BE45-2A38-4087-87E5-FCC842D0742A}.Release|x86.Build.0 = Release|x86
		{09A7BE45-2A38-4087-87E5-FCC842D0742A}.Release|x86.Deploy.0 = Release|x86
		{87B049E5-878F-4694-9E83-D5A74C653039}.Debug|Any CPU.ActiveCfg = Debug|Any CPU
		{87B049E5-878F-4694-9E83-D5A74C653039}.Debug|Any CPU.Build.0 = Debug|Any CPU
		{87B049E5-878F-4694-9E83-D5A74C653039}.Debug|Any CPU.Deploy.0 = Debug|Any CPU
		{87B049E5-878F-4694-9E83-D5A74C653039}.Debug|ARM.ActiveCfg = Debug|Any CPU
		{87B049E5-878F-4694-9E83-D5A74C653039}.Debug|iPhone.ActiveCfg = Debug|Any CPU
		{87B049E5-878F-4694-9E83-D5A74C653039}.Debug|iPhoneSimulator.ActiveCfg = Debug|Any CPU
		{87B049E5-878F-4694-9E83-D5A74C653039}.Debug|Mixed Platforms.ActiveCfg = Debug|Any CPU
		{87B049E5-878F-4694-9E83-D5A74C653039}.Debug|Mixed Platforms.Build.0 = Debug|Any CPU
		{87B049E5-878F-4694-9E83-D5A74C653039}.Debug|Mixed Platforms.Deploy.0 = Debug|Any CPU
		{87B049E5-878F-4694-9E83-D5A74C653039}.Debug|x86.ActiveCfg = Debug|Any CPU
		{87B049E5-878F-4694-9E83-D5A74C653039}.Release|Any CPU.ActiveCfg = Release|Any CPU
		{87B049E5-878F-4694-9E83-D5A74C653039}.Release|Any CPU.Build.0 = Release|Any CPU
		{87B049E5-878F-4694-9E83-D5A74C653039}.Release|Any CPU.Deploy.0 = Release|Any CPU
		{87B049E5-878F-4694-9E83-D5A74C653039}.Release|ARM.ActiveCfg = Release|Any CPU
		{87B049E5-878F-4694-9E83-D5A74C653039}.Release|iPhone.ActiveCfg = Release|Any CPU
		{87B049E5-878F-4694-9E83-D5A74C653039}.Release|iPhoneSimulator.ActiveCfg = Release|Any CPU
		{87B049E5-878F-4694-9E83-D5A74C653039}.Release|Mixed Platforms.ActiveCfg = Release|Any CPU
		{87B049E5-878F-4694-9E83-D5A74C653039}.Release|Mixed Platforms.Build.0 = Release|Any CPU
		{87B049E5-878F-4694-9E83-D5A74C653039}.Release|Mixed Platforms.Deploy.0 = Release|Any CPU
		{87B049E5-878F-4694-9E83-D5A74C653039}.Release|x86.ActiveCfg = Release|Any CPU
		{420ACA2A-7853-4C5D-A3B1-E7AE938A801F}.Debug|Any CPU.ActiveCfg = Debug|Any CPU
		{420ACA2A-7853-4C5D-A3B1-E7AE938A801F}.Debug|Any CPU.Build.0 = Debug|Any CPU
		{420ACA2A-7853-4C5D-A3B1-E7AE938A801F}.Debug|ARM.ActiveCfg = Debug|Any CPU
		{420ACA2A-7853-4C5D-A3B1-E7AE938A801F}.Debug|iPhone.ActiveCfg = Debug|Any CPU
		{420ACA2A-7853-4C5D-A3B1-E7AE938A801F}.Debug|iPhoneSimulator.ActiveCfg = Debug|Any CPU
		{420ACA2A-7853-4C5D-A3B1-E7AE938A801F}.Debug|Mixed Platforms.ActiveCfg = Debug|Any CPU
		{420ACA2A-7853-4C5D-A3B1-E7AE938A801F}.Debug|Mixed Platforms.Build.0 = Debug|Any CPU
		{420ACA2A-7853-4C5D-A3B1-E7AE938A801F}.Debug|x86.ActiveCfg = Debug|Any CPU
		{420ACA2A-7853-4C5D-A3B1-E7AE938A801F}.Release|Any CPU.ActiveCfg = Release|Any CPU
		{420ACA2A-7853-4C5D-A3B1-E7AE938A801F}.Release|Any CPU.Build.0 = Release|Any CPU
		{420ACA2A-7853-4C5D-A3B1-E7AE938A801F}.Release|ARM.ActiveCfg = Release|Any CPU
		{420ACA2A-7853-4C5D-A3B1-E7AE938A801F}.Release|iPhone.ActiveCfg = Release|Any CPU
		{420ACA2A-7853-4C5D-A3B1-E7AE938A801F}.Release|iPhoneSimulator.ActiveCfg = Release|Any CPU
		{420ACA2A-7853-4C5D-A3B1-E7AE938A801F}.Release|Mixed Platforms.ActiveCfg = Release|Any CPU
		{420ACA2A-7853-4C5D-A3B1-E7AE938A801F}.Release|Mixed Platforms.Build.0 = Release|Any CPU
		{420ACA2A-7853-4C5D-A3B1-E7AE938A801F}.Release|x86.ActiveCfg = Release|Any CPU
	EndGlobalSection
	GlobalSection(SolutionProperties) = preSolution
		HideSolutionNode = FALSE
	EndGlobalSection
	GlobalSection(NestedProjects) = preSolution
		{7E7DE343-8DBD-42EE-94ED-036E9E0F5411} = {F1218241-9ED7-4DFA-9943-868AF26365CC}
		{90F46524-0716-4180-8A5F-1CD1EB5686F6} = {F1218241-9ED7-4DFA-9943-868AF26365CC}
		{C9F6CFE7-44B2-4D55-9307-33C34C045468} = {F1218241-9ED7-4DFA-9943-868AF26365CC}
		{AA75BE5B-8603-489D-8F9F-6ACD02598FD3} = {F1218241-9ED7-4DFA-9943-868AF26365CC}
		{E02E7007-D499-45FC-A48D-1C195DB58021} = {F1218241-9ED7-4DFA-9943-868AF26365CC}
		{875065AA-EA3B-4C7A-B7DD-9B660AA76D27} = {F1218241-9ED7-4DFA-9943-868AF26365CC}
		{3B703A23-DB64-4606-B124-16BA83C461B2} = {F1218241-9ED7-4DFA-9943-868AF26365CC}
		{E2FCFE04-2D57-4F43-8E13-12B47B878C18} = {F1218241-9ED7-4DFA-9943-868AF26365CC}
		{0BAD25A0-BE8E-4D8F-9EB2-AB7B307B9D94} = {F1218241-9ED7-4DFA-9943-868AF26365CC}
		{EE8989C3-2C73-4941-9F7E-5470344E9661} = {F1218241-9ED7-4DFA-9943-868AF26365CC}
		{09A7BE45-2A38-4087-87E5-FCC842D0742A} = {F1218241-9ED7-4DFA-9943-868AF26365CC}
		{87B049E5-878F-4694-9E83-D5A74C653039} = {F1218241-9ED7-4DFA-9943-868AF26365CC}
	EndGlobalSection
EndGlobal
