
Microsoft Visual Studio Solution File, Format Version 11.00
# Visual Studio 2010
Project("{2150E333-8FDC-42A3-9474-1A3956D46DE8}") = "Solution Items", "Solution Items", "{3E299B94-5F07-49DE-8226-55EDC56F13E3}"
	ProjectSection(SolutionItems) = preProject
		build-release.cmd = build-release.cmd
		build.cmd = build.cmd
		LICENSE.txt = LICENSE.txt
		README.markdown = README.markdown
	EndProjectSection
EndProject
Project("{FAE04EC0-301F-11D3-BF4B-00C04F79EFBC}") = "Ninject", "src\Ninject\Ninject.csproj", "{ADF369E2-6B9E-4D56-9B82-D273AE41EC2D}"
EndProject
Project("{FAE04EC0-301F-11D3-BF4B-00C04F79EFBC}") = "CommonServiceLocator.NinjectAdapter", "src\CommonServiceLocator.NinjectAdapter\CommonServiceLocator.NinjectAdapter.csproj", "{9BD94717-484B-4EB1-AF32-8D4244F02E8E}"
EndProject
Project("{FAE04EC0-301F-11D3-BF4B-00C04F79EFBC}") = "Ninject.SilverlightTests", "src\Ninject.SilverlightTests\Ninject.SilverlightTests.csproj", "{033B09D3-8532-419A-B906-36F8EB605B30}"
EndProject
Project("{FAE04EC0-301F-11D3-BF4B-00C04F79EFBC}") = "Ninject.Tests", "src\Ninject.Test\Ninject.Tests.csproj", "{7E7DE343-8DBD-42EE-94ED-036E9E0F5411}"
EndProject
Project("{FAE04EC0-301F-11D3-BF4B-00C04F79EFBC}") = "Ninject.WindowsPhone7Tests", "src\Ninject.WindowsPhone7Tests\Ninject.WindowsPhone7Tests.csproj", "{F7314647-1C1F-4960-A693-AA773C54C13D}"
EndProject
Project("{FAE04EC0-301F-11D3-BF4B-00C04F79EFBC}") = "TestAssembly", "src\TestAssembly\TestAssembly.csproj", "{C9F6CFE7-44B2-4D55-9307-33C34C045468}"
EndProject
Project("{FAE04EC0-301F-11D3-BF4B-00C04F79EFBC}") = "TestModules", "src\TestModules\TestModules.csproj", "{90F46524-0716-4180-8A5F-1CD1EB5686F6}"
EndProject
Global
	GlobalSection(SolutionConfigurationPlatforms) = preSolution
		AutomatedRelease|Any CPU = AutomatedRelease|Any CPU
		Debug .NET 4.0|Any CPU = Debug .NET 4.0|Any CPU
		Debug|Any CPU = Debug|Any CPU
		Release|Any CPU = Release|Any CPU
	EndGlobalSection
	GlobalSection(ProjectConfigurationPlatforms) = postSolution
		{ADF369E2-6B9E-4D56-9B82-D273AE41EC2D}.AutomatedRelease|Any CPU.ActiveCfg = AutomatedRelease|Any CPU
		{ADF369E2-6B9E-4D56-9B82-D273AE41EC2D}.AutomatedRelease|Any CPU.Build.0 = AutomatedRelease|Any CPU
		{ADF369E2-6B9E-4D56-9B82-D273AE41EC2D}.Debug .NET 4.0|Any CPU.ActiveCfg = Debug|Any CPU
		{ADF369E2-6B9E-4D56-9B82-D273AE41EC2D}.Debug .NET 4.0|Any CPU.Build.0 = Debug|Any CPU
		{ADF369E2-6B9E-4D56-9B82-D273AE41EC2D}.Debug|Any CPU.ActiveCfg = Debug|Any CPU
		{ADF369E2-6B9E-4D56-9B82-D273AE41EC2D}.Debug|Any CPU.Build.0 = Debug|Any CPU
		{ADF369E2-6B9E-4D56-9B82-D273AE41EC2D}.Release|Any CPU.ActiveCfg = Release|Any CPU
		{ADF369E2-6B9E-4D56-9B82-D273AE41EC2D}.Release|Any CPU.Build.0 = Release|Any CPU
		{9BD94717-484B-4EB1-AF32-8D4244F02E8E}.AutomatedRelease|Any CPU.ActiveCfg = AutomatedRelease|Any CPU
		{9BD94717-484B-4EB1-AF32-8D4244F02E8E}.AutomatedRelease|Any CPU.Build.0 = AutomatedRelease|Any CPU
		{9BD94717-484B-4EB1-AF32-8D4244F02E8E}.Debug .NET 4.0|Any CPU.ActiveCfg = Debug|Any CPU
		{9BD94717-484B-4EB1-AF32-8D4244F02E8E}.Debug .NET 4.0|Any CPU.Build.0 = Debug|Any CPU
		{9BD94717-484B-4EB1-AF32-8D4244F02E8E}.Debug|Any CPU.ActiveCfg = Debug|Any CPU
		{9BD94717-484B-4EB1-AF32-8D4244F02E8E}.Debug|Any CPU.Build.0 = Debug|Any CPU
		{9BD94717-484B-4EB1-AF32-8D4244F02E8E}.Release|Any CPU.ActiveCfg = Release|Any CPU
		{9BD94717-484B-4EB1-AF32-8D4244F02E8E}.Release|Any CPU.Build.0 = Release|Any CPU
		{033B09D3-8532-419A-B906-36F8EB605B30}.AutomatedRelease|Any CPU.ActiveCfg = Release|Any CPU
		{033B09D3-8532-419A-B906-36F8EB605B30}.AutomatedRelease|Any CPU.Build.0 = Release|Any CPU
		{033B09D3-8532-419A-B906-36F8EB605B30}.Debug .NET 4.0|Any CPU.ActiveCfg = Debug|Any CPU
		{033B09D3-8532-419A-B906-36F8EB605B30}.Debug .NET 4.0|Any CPU.Build.0 = Debug|Any CPU
		{033B09D3-8532-419A-B906-36F8EB605B30}.Debug|Any CPU.ActiveCfg = Debug|Any CPU
		{033B09D3-8532-419A-B906-36F8EB605B30}.Debug|Any CPU.Build.0 = Debug|Any CPU
		{033B09D3-8532-419A-B906-36F8EB605B30}.Release|Any CPU.ActiveCfg = Release|Any CPU
		{033B09D3-8532-419A-B906-36F8EB605B30}.Release|Any CPU.Build.0 = Release|Any CPU
		{7E7DE343-8DBD-42EE-94ED-036E9E0F5411}.AutomatedRelease|Any CPU.ActiveCfg = AutomatedRelease|Any CPU
		{7E7DE343-8DBD-42EE-94ED-036E9E0F5411}.AutomatedRelease|Any CPU.Build.0 = AutomatedRelease|Any CPU
		{7E7DE343-8DBD-42EE-94ED-036E9E0F5411}.Debug .NET 4.0|Any CPU.ActiveCfg = Debug|Any CPU
		{7E7DE343-8DBD-42EE-94ED-036E9E0F5411}.Debug .NET 4.0|Any CPU.Build.0 = Debug|Any CPU
		{7E7DE343-8DBD-42EE-94ED-036E9E0F5411}.Debug|Any CPU.ActiveCfg = Debug|Any CPU
		{7E7DE343-8DBD-42EE-94ED-036E9E0F5411}.Debug|Any CPU.Build.0 = Debug|Any CPU
		{7E7DE343-8DBD-42EE-94ED-036E9E0F5411}.Release|Any CPU.ActiveCfg = Release|Any CPU
		{7E7DE343-8DBD-42EE-94ED-036E9E0F5411}.Release|Any CPU.Build.0 = Release|Any CPU
		{F7314647-1C1F-4960-A693-AA773C54C13D}.AutomatedRelease|Any CPU.ActiveCfg = Release|Any CPU
		{F7314647-1C1F-4960-A693-AA773C54C13D}.AutomatedRelease|Any CPU.Build.0 = Release|Any CPU
		{F7314647-1C1F-4960-A693-AA773C54C13D}.AutomatedRelease|Any CPU.Deploy.0 = Release|Any CPU
		{F7314647-1C1F-4960-A693-AA773C54C13D}.Debug .NET 4.0|Any CPU.ActiveCfg = Debug|Any CPU
		{F7314647-1C1F-4960-A693-AA773C54C13D}.Debug .NET 4.0|Any CPU.Build.0 = Debug|Any CPU
		{F7314647-1C1F-4960-A693-AA773C54C13D}.Debug .NET 4.0|Any CPU.Deploy.0 = Debug|Any CPU
		{F7314647-1C1F-4960-A693-AA773C54C13D}.Debug|Any CPU.ActiveCfg = Debug|Any CPU
		{F7314647-1C1F-4960-A693-AA773C54C13D}.Debug|Any CPU.Build.0 = Debug|Any CPU
		{F7314647-1C1F-4960-A693-AA773C54C13D}.Debug|Any CPU.Deploy.0 = Debug|Any CPU
		{F7314647-1C1F-4960-A693-AA773C54C13D}.Release|Any CPU.ActiveCfg = Release|Any CPU
		{F7314647-1C1F-4960-A693-AA773C54C13D}.Release|Any CPU.Build.0 = Release|Any CPU
		{F7314647-1C1F-4960-A693-AA773C54C13D}.Release|Any CPU.Deploy.0 = Release|Any CPU
		{C9F6CFE7-44B2-4D55-9307-33C34C045468}.AutomatedRelease|Any CPU.ActiveCfg = AutomatedRelease|Any CPU
		{C9F6CFE7-44B2-4D55-9307-33C34C045468}.AutomatedRelease|Any CPU.Build.0 = AutomatedRelease|Any CPU
		{C9F6CFE7-44B2-4D55-9307-33C34C045468}.Debug .NET 4.0|Any CPU.ActiveCfg = Debug|Any CPU
		{C9F6CFE7-44B2-4D55-9307-33C34C045468}.Debug .NET 4.0|Any CPU.Build.0 = Debug|Any CPU
		{C9F6CFE7-44B2-4D55-9307-33C34C045468}.Debug|Any CPU.ActiveCfg = Debug|Any CPU
		{C9F6CFE7-44B2-4D55-9307-33C34C045468}.Debug|Any CPU.Build.0 = Debug|Any CPU
		{C9F6CFE7-44B2-4D55-9307-33C34C045468}.Release|Any CPU.ActiveCfg = Release|Any CPU
		{C9F6CFE7-44B2-4D55-9307-33C34C045468}.Release|Any CPU.Build.0 = Release|Any CPU
		{90F46524-0716-4180-8A5F-1CD1EB5686F6}.AutomatedRelease|Any CPU.ActiveCfg = AutomatedRelease|Any CPU
		{90F46524-0716-4180-8A5F-1CD1EB5686F6}.AutomatedRelease|Any CPU.Build.0 = AutomatedRelease|Any CPU
		{90F46524-0716-4180-8A5F-1CD1EB5686F6}.Debug .NET 4.0|Any CPU.ActiveCfg = Debug|Any CPU
		{90F46524-0716-4180-8A5F-1CD1EB5686F6}.Debug .NET 4.0|Any CPU.Build.0 = Debug|Any CPU
		{90F46524-0716-4180-8A5F-1CD1EB5686F6}.Debug|Any CPU.ActiveCfg = Debug|Any CPU
		{90F46524-0716-4180-8A5F-1CD1EB5686F6}.Debug|Any CPU.Build.0 = Debug|Any CPU
		{90F46524-0716-4180-8A5F-1CD1EB5686F6}.Release|Any CPU.ActiveCfg = Release|Any CPU
		{90F46524-0716-4180-8A5F-1CD1EB5686F6}.Release|Any CPU.Build.0 = Release|Any CPU
	EndGlobalSection
	GlobalSection(SolutionProperties) = preSolution
		HideSolutionNode = FALSE
	EndGlobalSection
EndGlobal
