
Microsoft Visual Studio Solution File, Format Version 12.00
# Visual Studio 15
VisualStudioVersion = 15.0.26730.16
MinimumVisualStudioVersion = 10.0.40219.1
Project("{2150E333-8FDC-42A3-9474-1A3956D46DE8}") = "Solution Items", "Solution Items", "{3E299B94-5F07-49DE-8226-55EDC56F13E3}"
	ProjectSection(SolutionItems) = preProject
		appveyor.yml = appveyor.yml
		CHANGELOG.md = CHANGELOG.md
		README.md = README.md
	EndProjectSection
EndProject
Project("{9A19103F-16F7-4668-BE54-9A1E7A4F7556}") = "Ninject", "src\Ninject\Ninject.csproj", "{25A6D723-B248-4168-BB2B-50FBD29209A5}"
EndProject
Project("{9A19103F-16F7-4668-BE54-9A1E7A4F7556}") = "Ninject.Test", "src\Ninject.Test\Ninject.Test.csproj", "{B53AF472-7F44-4AC7-9F00-98E9EB264768}"
EndProject
Project("{9A19103F-16F7-4668-BE54-9A1E7A4F7556}") = "TestAssembly", "src\TestAssembly\TestAssembly.csproj", "{339DD924-374A-4221-8671-BE951AD280F9}"
EndProject
Project("{9A19103F-16F7-4668-BE54-9A1E7A4F7556}") = "TestModules", "src\TestModules\TestModules.csproj", "{3D6710B4-726A-44B2-A4A2-CCF3882FC611}"
EndProject
Global
	GlobalSection(SolutionConfigurationPlatforms) = preSolution
		Debug|Any CPU = Debug|Any CPU
		Release|Any CPU = Release|Any CPU
	EndGlobalSection
	GlobalSection(ProjectConfigurationPlatforms) = postSolution
		{25A6D723-B248-4168-BB2B-50FBD29209A5}.Debug|Any CPU.ActiveCfg = Debug|Any CPU
		{25A6D723-B248-4168-BB2B-50FBD29209A5}.Debug|Any CPU.Build.0 = Debug|Any CPU
		{25A6D723-B248-4168-BB2B-50FBD29209A5}.Release|Any CPU.ActiveCfg = Release|Any CPU
		{25A6D723-B248-4168-BB2B-50FBD29209A5}.Release|Any CPU.Build.0 = Release|Any CPU
		{B53AF472-7F44-4AC7-9F00-98E9EB264768}.Debug|Any CPU.ActiveCfg = Debug|Any CPU
		{B53AF472-7F44-4AC7-9F00-98E9EB264768}.Debug|Any CPU.Build.0 = Debug|Any CPU
		{B53AF472-7F44-4AC7-9F00-98E9EB264768}.Release|Any CPU.ActiveCfg = Release|Any CPU
		{B53AF472-7F44-4AC7-9F00-98E9EB264768}.Release|Any CPU.Build.0 = Release|Any CPU
		{339DD924-374A-4221-8671-BE951AD280F9}.Debug|Any CPU.ActiveCfg = Debug|Any CPU
		{339DD924-374A-4221-8671-BE951AD280F9}.Debug|Any CPU.Build.0 = Debug|Any CPU
		{339DD924-374A-4221-8671-BE951AD280F9}.Release|Any CPU.ActiveCfg = Release|Any CPU
		{339DD924-374A-4221-8671-BE951AD280F9}.Release|Any CPU.Build.0 = Release|Any CPU
		{3D6710B4-726A-44B2-A4A2-CCF3882FC611}.Debug|Any CPU.ActiveCfg = Debug|Any CPU
		{3D6710B4-726A-44B2-A4A2-CCF3882FC611}.Debug|Any CPU.Build.0 = Debug|Any CPU
		{3D6710B4-726A-44B2-A4A2-CCF3882FC611}.Release|Any CPU.ActiveCfg = Release|Any CPU
		{3D6710B4-726A-44B2-A4A2-CCF3882FC611}.Release|Any CPU.Build.0 = Release|Any CPU
	EndGlobalSection
	GlobalSection(SolutionProperties) = preSolution
		HideSolutionNode = FALSE
	EndGlobalSection
	GlobalSection(ExtensibilityGlobals) = postSolution
		SolutionGuid = {8ADBE774-C99E-45D1-B416-A9D66AB97C82}
	EndGlobalSection
EndGlobal
