
Microsoft Visual Studio Solution File, Format Version 10.00
# Visual Studio 2008
Project("{FAE04EC0-301F-11D3-BF4B-00C04F79EFBC}") = "TestModules", "TestModules.csproj", "{90F46524-0716-4180-8A5F-1CD1EB5686F6}"
EndProject
Project("{FAE04EC0-301F-11D3-BF4B-00C04F79EFBC}") = "Ninject", "..\Ninject\Ninject.csproj", "{ADF369E2-6B9E-4D56-9B82-D273AE41EC2D}"
EndProject
Global
	GlobalSection(SolutionConfigurationPlatforms) = preSolution
		AutomatedRelease|Any CPU = AutomatedRelease|Any CPU
		Debug|Any CPU = Debug|Any CPU
		Release|Any CPU = Release|Any CPU
	EndGlobalSection
	GlobalSection(ProjectConfigurationPlatforms) = postSolution
		{90F46524-0716-4180-8A5F-1CD1EB5686F6}.AutomatedRelease|Any CPU.ActiveCfg = Release|Any CPU
		{90F46524-0716-4180-8A5F-1CD1EB5686F6}.AutomatedRelease|Any CPU.Build.0 = Release|Any CPU
		{90F46524-0716-4180-8A5F-1CD1EB5686F6}.Debug|Any CPU.ActiveCfg = Debug|Any CPU
		{90F46524-0716-4180-8A5F-1CD1EB5686F6}.Debug|Any CPU.Build.0 = Debug|Any CPU
		{90F46524-0716-4180-8A5F-1CD1EB5686F6}.Release|Any CPU.ActiveCfg = Release|Any CPU
		{90F46524-0716-4180-8A5F-1CD1EB5686F6}.Release|Any CPU.Build.0 = Release|Any CPU
		{ADF369E2-6B9E-4D56-9B82-D273AE41EC2D}.AutomatedRelease|Any CPU.ActiveCfg = AutomatedRelease|Any CPU
		{ADF369E2-6B9E-4D56-9B82-D273AE41EC2D}.AutomatedRelease|Any CPU.Build.0 = AutomatedRelease|Any CPU
		{ADF369E2-6B9E-4D56-9B82-D273AE41EC2D}.Debug|Any CPU.ActiveCfg = Debug|Any CPU
		{ADF369E2-6B9E-4D56-9B82-D273AE41EC2D}.Debug|Any CPU.Build.0 = Debug|Any CPU
		{ADF369E2-6B9E-4D56-9B82-D273AE41EC2D}.Release|Any CPU.ActiveCfg = Release|Any CPU
		{ADF369E2-6B9E-4D56-9B82-D273AE41EC2D}.Release|Any CPU.Build.0 = Release|Any CPU
	EndGlobalSection
	GlobalSection(SolutionProperties) = preSolution
		HideSolutionNode = FALSE
	EndGlobalSection
EndGlobal
